
Microsoft Visual Studio Solution File, Format Version 12.00
# Visual Studio Version 16
VisualStudioVersion = 16.0.29123.88
MinimumVisualStudioVersion = 10.0.40219.1
Project("{FAE04EC0-301F-11D3-BF4B-00C04F79EFBC}") = "AvatarViewBadge.UWP", "AvatarViewBadge.UWP\AvatarViewBadge.UWP.csproj", "{E04A4933-BCD8-4597-91CA-F957D3B9FCEE}"
EndProject
Project("{FAE04EC0-301F-11D3-BF4B-00C04F79EFBC}") = "AvatarViewBadge.Android", "AvatarViewBadge.Android\AvatarViewBadge.Android.csproj", "{19D54413-CEA7-429D-BDE0-64ECBBB7CB01}"
EndProject
Project("{FAE04EC0-301F-11D3-BF4B-00C04F79EFBC}") = "AvatarViewBadge.iOS", "AvatarViewBadge.iOS\AvatarViewBadge.iOS.csproj", "{DFA64C9B-D7F5-450A-AEEF-FA7485F9E009}"
EndProject
Project("{FAE04EC0-301F-11D3-BF4B-00C04F79EFBC}") = "AvatarViewBadge", "AvatarViewBadge\AvatarViewBadge.csproj", "{74E793F3-B9C1-4D9D-A23A-96100A1576E6}"
EndProject
Global
	GlobalSection(SolutionConfigurationPlatforms) = preSolution
		Debug|Any CPU = Debug|Any CPU
		Debug|ARM = Debug|ARM
		Debug|iPhone = Debug|iPhone
		Debug|iPhoneSimulator = Debug|iPhoneSimulator
		Debug|x64 = Debug|x64
		Debug|x86 = Debug|x86
		Release|Any CPU = Release|Any CPU
		Release|ARM = Release|ARM
		Release|iPhone = Release|iPhone
		Release|iPhoneSimulator = Release|iPhoneSimulator
		Release|x64 = Release|x64
		Release|x86 = Release|x86
	EndGlobalSection
	GlobalSection(ProjectConfigurationPlatforms) = postSolution
		{E04A4933-BCD8-4597-91CA-F957D3B9FCEE}.Debug|Any CPU.ActiveCfg = Debug|x86
		{E04A4933-BCD8-4597-91CA-F957D3B9FCEE}.Debug|Any CPU.Build.0 = Debug|x86
		{E04A4933-BCD8-4597-91CA-F957D3B9FCEE}.Debug|Any CPU.Deploy.0 = Debug|x86
		{E04A4933-BCD8-4597-91CA-F957D3B9FCEE}.Debug|ARM.ActiveCfg = Debug|ARM
		{E04A4933-BCD8-4597-91CA-F957D3B9FCEE}.Debug|ARM.Build.0 = Debug|ARM
		{E04A4933-BCD8-4597-91CA-F957D3B9FCEE}.Debug|ARM.Deploy.0 = Debug|ARM
		{E04A4933-BCD8-4597-91CA-F957D3B9FCEE}.Debug|iPhone.ActiveCfg = Debug|x86
		{E04A4933-BCD8-4597-91CA-F957D3B9FCEE}.Debug|iPhone.Build.0 = Debug|x86
		{E04A4933-BCD8-4597-91CA-F957D3B9FCEE}.Debug|iPhone.Deploy.0 = Debug|x86
		{E04A4933-BCD8-4597-91CA-F957D3B9FCEE}.Debug|iPhoneSimulator.ActiveCfg = Debug|x86
		{E04A4933-BCD8-4597-91CA-F957D3B9FCEE}.Debug|iPhoneSimulator.Build.0 = Debug|x86
		{E04A4933-BCD8-4597-91CA-F957D3B9FCEE}.Debug|iPhoneSimulator.Deploy.0 = Debug|x86
		{E04A4933-BCD8-4597-91CA-F957D3B9FCEE}.Debug|x64.ActiveCfg = Debug|x64
		{E04A4933-BCD8-4597-91CA-F957D3B9FCEE}.Debug|x64.Build.0 = Debug|x64
		{E04A4933-BCD8-4597-91CA-F957D3B9FCEE}.Debug|x64.Deploy.0 = Debug|x64
		{E04A4933-BCD8-4597-91CA-F957D3B9FCEE}.Debug|x86.ActiveCfg = Debug|x86
		{E04A4933-BCD8-4597-91CA-F957D3B9FCEE}.Debug|x86.Build.0 = Debug|x86
		{E04A4933-BCD8-4597-91CA-F957D3B9FCEE}.Debug|x86.Deploy.0 = Debug|x86
		{E04A4933-BCD8-4597-91CA-F957D3B9FCEE}.Release|Any CPU.ActiveCfg = Release|x86
		{E04A4933-BCD8-4597-91CA-F957D3B9FCEE}.Release|Any CPU.Build.0 = Release|x86
		{E04A4933-BCD8-4597-91CA-F957D3B9FCEE}.Release|Any CPU.Deploy.0 = Release|x86
		{E04A4933-BCD8-4597-91CA-F957D3B9FCEE}.Release|ARM.ActiveCfg = Release|ARM
		{E04A4933-BCD8-4597-91CA-F957D3B9FCEE}.Release|ARM.Build.0 = Release|ARM
		{E04A4933-BCD8-4597-91CA-F957D3B9FCEE}.Release|ARM.Deploy.0 = Release|ARM
		{E04A4933-BCD8-4597-91CA-F957D3B9FCEE}.Release|iPhone.ActiveCfg = Release|x86
		{E04A4933-BCD8-4597-91CA-F957D3B9FCEE}.Release|iPhone.Build.0 = Release|x86
		{E04A4933-BCD8-4597-91CA-F957D3B9FCEE}.Release|iPhone.Deploy.0 = Release|x86
		{E04A4933-BCD8-4597-91CA-F957D3B9FCEE}.Release|iPhoneSimulator.ActiveCfg = Release|x86
		{E04A4933-BCD8-4597-91CA-F957D3B9FCEE}.Release|iPhoneSimulator.Build.0 = Release|x86
		{E04A4933-BCD8-4597-91CA-F957D3B9FCEE}.Release|iPhoneSimulator.Deploy.0 = Release|x86
		{E04A4933-BCD8-4597-91CA-F957D3B9FCEE}.Release|x64.ActiveCfg = Release|x64
		{E04A4933-BCD8-4597-91CA-F957D3B9FCEE}.Release|x64.Build.0 = Release|x64
		{E04A4933-BCD8-4597-91CA-F957D3B9FCEE}.Release|x64.Deploy.0 = Release|x64
		{E04A4933-BCD8-4597-91CA-F957D3B9FCEE}.Release|x86.ActiveCfg = Release|x86
		{E04A4933-BCD8-4597-91CA-F957D3B9FCEE}.Release|x86.Build.0 = Release|x86
		{E04A4933-BCD8-4597-91CA-F957D3B9FCEE}.Release|x86.Deploy.0 = Release|x86
		{19D54413-CEA7-429D-BDE0-64ECBBB7CB01}.Debug|Any CPU.ActiveCfg = Debug|Any CPU
		{19D54413-CEA7-429D-BDE0-64ECBBB7CB01}.Debug|Any CPU.Build.0 = Debug|Any CPU
		{19D54413-CEA7-429D-BDE0-64ECBBB7CB01}.Debug|Any CPU.Deploy.0 = Debug|Any CPU
		{19D54413-CEA7-429D-BDE0-64ECBBB7CB01}.Debug|ARM.ActiveCfg = Debug|Any CPU
		{19D54413-CEA7-429D-BDE0-64ECBBB7CB01}.Debug|ARM.Build.0 = Debug|Any CPU
		{19D54413-CEA7-429D-BDE0-64ECBBB7CB01}.Debug|ARM.Deploy.0 = Debug|Any CPU
		{19D54413-CEA7-429D-BDE0-64ECBBB7CB01}.Debug|iPhone.ActiveCfg = Debug|Any CPU
		{19D54413-CEA7-429D-BDE0-64ECBBB7CB01}.Debug|iPhone.Build.0 = Debug|Any CPU
		{19D54413-CEA7-429D-BDE0-64ECBBB7CB01}.Debug|iPhone.Deploy.0 = Debug|Any CPU
		{19D54413-CEA7-429D-BDE0-64ECBBB7CB01}.Debug|iPhoneSimulator.ActiveCfg = Debug|Any CPU
		{19D54413-CEA7-429D-BDE0-64ECBBB7CB01}.Debug|iPhoneSimulator.Build.0 = Debug|Any CPU
		{19D54413-CEA7-429D-BDE0-64ECBBB7CB01}.Debug|iPhoneSimulator.Deploy.0 = Debug|Any CPU
		{19D54413-CEA7-429D-BDE0-64ECBBB7CB01}.Debug|x64.ActiveCfg = Debug|Any CPU
		{19D54413-CEA7-429D-BDE0-64ECBBB7CB01}.Debug|x64.Build.0 = Debug|Any CPU
		{19D54413-CEA7-429D-BDE0-64ECBBB7CB01}.Debug|x64.Deploy.0 = Debug|Any CPU
		{19D54413-CEA7-429D-BDE0-64ECBBB7CB01}.Debug|x86.ActiveCfg = Debug|Any CPU
		{19D54413-CEA7-429D-BDE0-64ECBBB7CB01}.Debug|x86.Build.0 = Debug|Any CPU
		{19D54413-CEA7-429D-BDE0-64ECBBB7CB01}.Debug|x86.Deploy.0 = Debug|Any CPU
		{19D54413-CEA7-429D-BDE0-64ECBBB7CB01}.Release|Any CPU.ActiveCfg = Release|Any CPU
		{19D54413-CEA7-429D-BDE0-64ECBBB7CB01}.Release|Any CPU.Build.0 = Release|Any CPU
		{19D54413-CEA7-429D-BDE0-64ECBBB7CB01}.Release|Any CPU.Deploy.0 = Release|Any CPU
		{19D54413-CEA7-429D-BDE0-64ECBBB7CB01}.Release|ARM.ActiveCfg = Release|Any CPU
		{19D54413-CEA7-429D-BDE0-64ECBBB7CB01}.Release|ARM.Build.0 = Release|Any CPU
		{19D54413-CEA7-429D-BDE0-64ECBBB7CB01}.Release|ARM.Deploy.0 = Release|Any CPU
		{19D54413-CEA7-429D-BDE0-64ECBBB7CB01}.Release|iPhone.ActiveCfg = Release|Any CPU
		{19D54413-CEA7-429D-BDE0-64ECBBB7CB01}.Release|iPhone.Build.0 = Release|Any CPU
		{19D54413-CEA7-429D-BDE0-64ECBBB7CB01}.Release|iPhone.Deploy.0 = Release|Any CPU
		{19D54413-CEA7-429D-BDE0-64ECBBB7CB01}.Release|iPhoneSimulator.ActiveCfg = Release|Any CPU
		{19D54413-CEA7-429D-BDE0-64ECBBB7CB01}.Release|iPhoneSimulator.Build.0 = Release|Any CPU
		{19D54413-CEA7-429D-BDE0-64ECBBB7CB01}.Release|iPhoneSimulator.Deploy.0 = Release|Any CPU
		{19D54413-CEA7-429D-BDE0-64ECBBB7CB01}.Release|x64.ActiveCfg = Release|Any CPU
		{19D54413-CEA7-429D-BDE0-64ECBBB7CB01}.Release|x64.Build.0 = Release|Any CPU
		{19D54413-CEA7-429D-BDE0-64ECBBB7CB01}.Release|x64.Deploy.0 = Release|Any CPU
		{19D54413-CEA7-429D-BDE0-64ECBBB7CB01}.Release|x86.ActiveCfg = Release|Any CPU
		{19D54413-CEA7-429D-BDE0-64ECBBB7CB01}.Release|x86.Build.0 = Release|Any CPU
		{19D54413-CEA7-429D-BDE0-64ECBBB7CB01}.Release|x86.Deploy.0 = Release|Any CPU
		{DFA64C9B-D7F5-450A-AEEF-FA7485F9E009}.Debug|Any CPU.ActiveCfg = Debug|iPhone
		{DFA64C9B-D7F5-450A-AEEF-FA7485F9E009}.Debug|Any CPU.Build.0 = Debug|iPhone
		{DFA64C9B-D7F5-450A-AEEF-FA7485F9E009}.Debug|Any CPU.Deploy.0 = Debug|iPhone
		{DFA64C9B-D7F5-450A-AEEF-FA7485F9E009}.Debug|ARM.ActiveCfg = Debug|iPhoneSimulator
		{DFA64C9B-D7F5-450A-AEEF-FA7485F9E009}.Debug|ARM.Build.0 = Debug|iPhoneSimulator
		{DFA64C9B-D7F5-450A-AEEF-FA7485F9E009}.Debug|ARM.Deploy.0 = Debug|iPhoneSimulator
		{DFA64C9B-D7F5-450A-AEEF-FA7485F9E009}.Debug|iPhone.ActiveCfg = Debug|iPhone
		{DFA64C9B-D7F5-450A-AEEF-FA7485F9E009}.Debug|iPhone.Build.0 = Debug|iPhone
		{DFA64C9B-D7F5-450A-AEEF-FA7485F9E009}.Debug|iPhone.Deploy.0 = Debug|iPhone
		{DFA64C9B-D7F5-450A-AEEF-FA7485F9E009}.Debug|iPhoneSimulator.ActiveCfg = Debug|iPhoneSimulator
		{DFA64C9B-D7F5-450A-AEEF-FA7485F9E009}.Debug|iPhoneSimulator.Build.0 = Debug|iPhoneSimulator
		{DFA64C9B-D7F5-450A-AEEF-FA7485F9E009}.Debug|iPhoneSimulator.Deploy.0 = Debug|iPhoneSimulator
		{DFA64C9B-D7F5-450A-AEEF-FA7485F9E009}.Debug|x64.ActiveCfg = Debug|iPhone
		{DFA64C9B-D7F5-450A-AEEF-FA7485F9E009}.Debug|x64.Build.0 = Debug|iPhone
		{DFA64C9B-D7F5-450A-AEEF-FA7485F9E009}.Debug|x64.Deploy.0 = Debug|iPhone
		{DFA64C9B-D7F5-450A-AEEF-FA7485F9E009}.Debug|x86.ActiveCfg = Debug|iPhone
		{DFA64C9B-D7F5-450A-AEEF-FA7485F9E009}.Debug|x86.Build.0 = Debug|iPhone
		{DFA64C9B-D7F5-450A-AEEF-FA7485F9E009}.Debug|x86.Deploy.0 = Debug|iPhone
		{DFA64C9B-D7F5-450A-AEEF-FA7485F9E009}.Release|Any CPU.ActiveCfg = Release|iPhone
		{DFA64C9B-D7F5-450A-AEEF-FA7485F9E009}.Release|Any CPU.Build.0 = Release|iPhone
		{DFA64C9B-D7F5-450A-AEEF-FA7485F9E009}.Release|Any CPU.Deploy.0 = Release|iPhone
		{DFA64C9B-D7F5-450A-AEEF-FA7485F9E009}.Release|ARM.ActiveCfg = Release|iPhone
		{DFA64C9B-D7F5-450A-AEEF-FA7485F9E009}.Release|ARM.Build.0 = Release|iPhone
		{DFA64C9B-D7F5-450A-AEEF-FA7485F9E009}.Release|ARM.Deploy.0 = Release|iPhone
		{DFA64C9B-D7F5-450A-AEEF-FA7485F9E009}.Release|iPhone.ActiveCfg = Release|iPhone
		{DFA64C9B-D7F5-450A-AEEF-FA7485F9E009}.Release|iPhone.Build.0 = Release|iPhone
		{DFA64C9B-D7F5-450A-AEEF-FA7485F9E009}.Release|iPhone.Deploy.0 = Release|iPhone
		{DFA64C9B-D7F5-450A-AEEF-FA7485F9E009}.Release|iPhoneSimulator.ActiveCfg = Release|iPhoneSimulator
		{DFA64C9B-D7F5-450A-AEEF-FA7485F9E009}.Release|iPhoneSimulator.Build.0 = Release|iPhoneSimulator
		{DFA64C9B-D7F5-450A-AEEF-FA7485F9E009}.Release|iPhoneSimulator.Deploy.0 = Release|iPhoneSimulator
		{DFA64C9B-D7F5-450A-AEEF-FA7485F9E009}.Release|x64.ActiveCfg = Release|iPhone
		{DFA64C9B-D7F5-450A-AEEF-FA7485F9E009}.Release|x64.Build.0 = Release|iPhone
		{DFA64C9B-D7F5-450A-AEEF-FA7485F9E009}.Release|x64.Deploy.0 = Release|iPhone
		{DFA64C9B-D7F5-450A-AEEF-FA7485F9E009}.Release|x86.ActiveCfg = Release|iPhone
		{DFA64C9B-D7F5-450A-AEEF-FA7485F9E009}.Release|x86.Build.0 = Release|iPhone
		{DFA64C9B-D7F5-450A-AEEF-FA7485F9E009}.Release|x86.Deploy.0 = Release|iPhone
		{74E793F3-B9C1-4D9D-A23A-96100A1576E6}.Debug|Any CPU.ActiveCfg = Debug|Any CPU
		{74E793F3-B9C1-4D9D-A23A-96100A1576E6}.Debug|Any CPU.Build.0 = Debug|Any CPU
		{74E793F3-B9C1-4D9D-A23A-96100A1576E6}.Debug|Any CPU.Deploy.0 = Debug|Any CPU
		{74E793F3-B9C1-4D9D-A23A-96100A1576E6}.Debug|ARM.ActiveCfg = Debug|Any CPU
		{74E793F3-B9C1-4D9D-A23A-96100A1576E6}.Debug|ARM.Build.0 = Debug|Any CPU
		{74E793F3-B9C1-4D9D-A23A-96100A1576E6}.Debug|ARM.Deploy.0 = Debug|Any CPU
		{74E793F3-B9C1-4D9D-A23A-96100A1576E6}.Debug|iPhone.ActiveCfg = Debug|Any CPU
		{74E793F3-B9C1-4D9D-A23A-96100A1576E6}.Debug|iPhone.Build.0 = Debug|Any CPU
		{74E793F3-B9C1-4D9D-A23A-96100A1576E6}.Debug|iPhone.Deploy.0 = Debug|Any CPU
		{74E793F3-B9C1-4D9D-A23A-96100A1576E6}.Debug|iPhoneSimulator.ActiveCfg = Debug|Any CPU
		{74E793F3-B9C1-4D9D-A23A-96100A1576E6}.Debug|iPhoneSimulator.Build.0 = Debug|Any CPU
		{74E793F3-B9C1-4D9D-A23A-96100A1576E6}.Debug|iPhoneSimulator.Deploy.0 = Debug|Any CPU
		{74E793F3-B9C1-4D9D-A23A-96100A1576E6}.Debug|x64.ActiveCfg = Debug|Any CPU
		{74E793F3-B9C1-4D9D-A23A-96100A1576E6}.Debug|x64.Build.0 = Debug|Any CPU
		{74E793F3-B9C1-4D9D-A23A-96100A1576E6}.Debug|x64.Deploy.0 = Debug|Any CPU
		{74E793F3-B9C1-4D9D-A23A-96100A1576E6}.Debug|x86.ActiveCfg = Debug|Any CPU
		{74E793F3-B9C1-4D9D-A23A-96100A1576E6}.Debug|x86.Build.0 = Debug|Any CPU
		{74E793F3-B9C1-4D9D-A23A-96100A1576E6}.Debug|x86.Deploy.0 = Debug|Any CPU
		{74E793F3-B9C1-4D9D-A23A-96100A1576E6}.Release|Any CPU.ActiveCfg = Release|Any CPU
		{74E793F3-B9C1-4D9D-A23A-96100A1576E6}.Release|Any CPU.Build.0 = Release|Any CPU
		{74E793F3-B9C1-4D9D-A23A-96100A1576E6}.Release|Any CPU.Deploy.0 = Release|Any CPU
		{74E793F3-B9C1-4D9D-A23A-96100A1576E6}.Release|ARM.ActiveCfg = Release|Any CPU
		{74E793F3-B9C1-4D9D-A23A-96100A1576E6}.Release|ARM.Build.0 = Release|Any CPU
		{74E793F3-B9C1-4D9D-A23A-96100A1576E6}.Release|ARM.Deploy.0 = Release|Any CPU
		{74E793F3-B9C1-4D9D-A23A-96100A1576E6}.Release|iPhone.ActiveCfg = Release|Any CPU
		{74E793F3-B9C1-4D9D-A23A-96100A1576E6}.Release|iPhone.Build.0 = Release|Any CPU
		{74E793F3-B9C1-4D9D-A23A-96100A1576E6}.Release|iPhone.Deploy.0 = Release|Any CPU
		{74E793F3-B9C1-4D9D-A23A-96100A1576E6}.Release|iPhoneSimulator.ActiveCfg = Release|Any CPU
		{74E793F3-B9C1-4D9D-A23A-96100A1576E6}.Release|iPhoneSimulator.Build.0 = Release|Any CPU
		{74E793F3-B9C1-4D9D-A23A-96100A1576E6}.Release|iPhoneSimulator.Deploy.0 = Release|Any CPU
		{74E793F3-B9C1-4D9D-A23A-96100A1576E6}.Release|x64.ActiveCfg = Release|Any CPU
		{74E793F3-B9C1-4D9D-A23A-96100A1576E6}.Release|x64.Build.0 = Release|Any CPU
		{74E793F3-B9C1-4D9D-A23A-96100A1576E6}.Release|x64.Deploy.0 = Release|Any CPU
		{74E793F3-B9C1-4D9D-A23A-96100A1576E6}.Release|x86.ActiveCfg = Release|Any CPU
		{74E793F3-B9C1-4D9D-A23A-96100A1576E6}.Release|x86.Build.0 = Release|Any CPU
		{74E793F3-B9C1-4D9D-A23A-96100A1576E6}.Release|x86.Deploy.0 = Release|Any CPU
	EndGlobalSection
	GlobalSection(SolutionProperties) = preSolution
		HideSolutionNode = FALSE
	EndGlobalSection
	GlobalSection(ExtensibilityGlobals) = postSolution
		SolutionGuid = {ABC6E4A5-972B-423A-873A-20965EE727E0}
	EndGlobalSection
EndGlobal
